schema: '2.0'
stages:
  data_ingestion:
    cmd: python src/data_ingestion.py
    deps:
    - path: src/data_ingestion.py
      hash: md5
      md5: 32498549fd9be4655a25fc3f89a477f9
      size: 3668
    params:
      params.yaml:
        data_ingestion.test_size: 0.2
    outs:
    - path: data/raw
      hash: md5
      md5: 1a287d34dc172d9f950c03dae35f7e73.dir
      size: 484846
      nfiles: 2
  data_preprocessing:
    cmd: python src/data_preprocessing.py
    deps:
    - path: data/raw
      hash: md5
      md5: 1a287d34dc172d9f950c03dae35f7e73.dir
      size: 484846
      nfiles: 2
    - path: src/data_preprocessing.py
      hash: md5
      md5: 03567206c0cf8081ce4434897bdfdb05
      size: 3961
    outs:
    - path: data/interim
      hash: md5
      md5: 038ba4ba396e9375bb3d56fc42b7c252.dir
      size: 207219
      nfiles: 2
  feature_engineering:
    cmd: python src/feature_engineering.py
    deps:
    - path: data/interim
      hash: md5
      md5: 038ba4ba396e9375bb3d56fc42b7c252.dir
      size: 207219
      nfiles: 2
    - path: src/feature_engineering.py
      hash: md5
      md5: cf8448c21ab5f64a81b288de0c331814
      size: 3910
    params:
      params.yaml:
        feature_engineering.max_features: 35
    outs:
    - path: data/processed
      hash: md5
      md5: b7e91512e9b6816b8296b5d21f0b6556.dir
      size: 819558
      nfiles: 2
  model_building:
    cmd: python src/model_building.py
    deps:
    - path: data/processed
      hash: md5
      md5: b7e91512e9b6816b8296b5d21f0b6556.dir
      size: 819558
      nfiles: 2
    - path: src/model_building.py
      hash: md5
      md5: eadea258509ede6bfb04befe698314f7
      size: 4526
    params:
      params.yaml:
        model_building.n_estimators: 22
        model_building.random_state: 2
    outs:
    - path: models/model.pkl
      hash: md5
      md5: 9b1c687ef90c91b3a5e26a849794cdfb
      size: 727836
  model_evaluation:
    cmd: python src/model_evaluation.py
    deps:
    - path: models/model.pkl
      hash: md5
      md5: 9b1c687ef90c91b3a5e26a849794cdfb
      size: 727836
    - path: src/model_evaluation.py
      hash: md5
      md5: 553abb63c25d201ab4732efe779df04d
      size: 4639
    outs:
    - path: reports/metrics.json
      hash: md5
      md5: cdbc1d9f4457f4c7d360c820367653d9
      size: 144
